// !$*UTF8*$!
{
	archiveVersion = 1;
	classes = {
	};
	objectVersion = 77;
	objects = {

/* Begin PBXBuildFile section */
		045292275C1DFC93BBE439EA /* Pods_iosDemoTests.framework in Frameworks */ = {isa = PBXBuildFile; fileRef = B5C1136D24D8DE9536FD7DF4 /* Pods_iosDemoTests.framework */; };
		48A83B5CACB5A416DABE9944 /* Pods_iosDemo.framework in Frameworks */ = {isa = PBXBuildFile; fileRef = 71D60F489BD6C9CC2D87316D /* Pods_iosDemo.framework */; };
		AB8E10B7E4BE562AD57857EA /* Pods_iosDemo_iosDemoUITests.framework in Frameworks */ = {isa = PBXBuildFile; fileRef = 685E46F2FB7C44752F7080F1 /* Pods_iosDemo_iosDemoUITests.framework */; };
/* End PBXBuildFile section */

/* Begin PBXContainerItemProxy section */
		437F2B2D2E2BB2A600437CEE /* PBXContainerItemProxy */ = {
			isa = PBXContainerItemProxy;
			containerPortal = 437F2B172E2BB2A400437CEE /* Project object */;
			proxyType = 1;
			remoteGlobalIDString = 437F2B1E2E2BB2A400437CEE;
			remoteInfo = iosDemo;
		};
		437F2B372E2BB2A600437CEE /* PBXContainerItemProxy */ = {
			isa = PBXContainerItemProxy;
			containerPortal = 437F2B172E2BB2A400437CEE /* Project object */;
			proxyType = 1;
			remoteGlobalIDString = 437F2B1E2E2BB2A400437CEE;
			remoteInfo = iosDemo;
		};
/* End PBXContainerItemProxy section */

/* Begin PBXFileReference section */
		2E0DEFCDD386E04BF9B2BCA2 /* Pods-iosDemoTests.debug.xcconfig */ = {isa = PBXFileReference; includeInIndex = 1; lastKnownFileType = text.xcconfig; name = "Pods-iosDemoTests.debug.xcconfig"; path = "Target Support Files/Pods-iosDemoTests/Pods-iosDemoTests.debug.xcconfig"; sourceTree = "<group>"; };
		358300DAFAE4B3C4A37D0B68 /* Pods-iosDemo-iosDemoUITests.debug.xcconfig */ = {isa = PBXFileReference; includeInIndex = 1; lastKnownFileType = text.xcconfig; name = "Pods-iosDemo-iosDemoUITests.debug.xcconfig"; path = "Target Support Files/Pods-iosDemo-iosDemoUITests/Pods-iosDemo-iosDemoUITests.debug.xcconfig"; sourceTree = "<group>"; };
		40590E5E592840BEDAA9516E /* Pods-iosDemo-iosDemoUITests.release.xcconfig */ = {isa = PBXFileReference; includeInIndex = 1; lastKnownFileType = text.xcconfig; name = "Pods-iosDemo-iosDemoUITests.release.xcconfig"; path = "Target Support Files/Pods-iosDemo-iosDemoUITests/Pods-iosDemo-iosDemoUITests.release.xcconfig"; sourceTree = "<group>"; };
		437F2B1F2E2BB2A400437CEE /* iosDemo.app */ = {isa = PBXFileReference; explicitFileType = wrapper.application; includeInIndex = 0; path = iosDemo.app; sourceTree = BUILT_PRODUCTS_DIR; };
		437F2B2C2E2BB2A600437CEE /* iosDemoTests.xctest */ = {isa = PBXFileReference; explicitFileType = wrapper.cfbundle; includeInIndex = 0; path = iosDemoTests.xctest; sourceTree = BUILT_PRODUCTS_DIR; };
		437F2B362E2BB2A600437CEE /* iosDemoUITests.xctest */ = {isa = PBXFileReference; explicitFileType = wrapper.cfbundle; includeInIndex = 0; path = iosDemoUITests.xctest; sourceTree = BUILT_PRODUCTS_DIR; };
		685E46F2FB7C44752F7080F1 /* Pods_iosDemo_iosDemoUITests.framework */ = {isa = PBXFileReference; explicitFileType = wrapper.framework; includeInIndex = 0; path = Pods_iosDemo_iosDemoUITests.framework; sourceTree = BUILT_PRODUCTS_DIR; };
		6AD57047D24BA1798BB62B30 /* Pods-iosDemo.debug.xcconfig */ = {isa = PBXFileReference; includeInIndex = 1; lastKnownFileType = text.xcconfig; name = "Pods-iosDemo.debug.xcconfig"; path = "Target Support Files/Pods-iosDemo/Pods-iosDemo.debug.xcconfig"; sourceTree = "<group>"; };
		71D60F489BD6C9CC2D87316D /* Pods_iosDemo.framework */ = {isa = PBXFileReference; explicitFileType = wrapper.framework; includeInIndex = 0; path = Pods_iosDemo.framework; sourceTree = BUILT_PRODUCTS_DIR; };
		A7310555AD7426313BB06062 /* Pods-iosDemo.release.xcconfig */ = {isa = PBXFileReference; includeInIndex = 1; lastKnownFileType = text.xcconfig; name = "Pods-iosDemo.release.xcconfig"; path = "Target Support Files/Pods-iosDemo/Pods-iosDemo.release.xcconfig"; sourceTree = "<group>"; };
		B5C1136D24D8DE9536FD7DF4 /* Pods_iosDemoTests.framework */ = {isa = PBXFileReference; explicitFileType = wrapper.framework; includeInIndex = 0; path = Pods_iosDemoTests.framework; sourceTree = BUILT_PRODUCTS_DIR; };
		FD6ACB0E54764749846F538A /* Pods-iosDemoTests.release.xcconfig */ = {isa = PBXFileReference; includeInIndex = 1; lastKnownFileType = text.xcconfig; name = "Pods-iosDemoTests.release.xcconfig"; path = "Target Support Files/Pods-iosDemoTests/Pods-iosDemoTests.release.xcconfig"; sourceTree = "<group>"; };
/* End PBXFileReference section */

/* Begin PBXFileSystemSynchronizedBuildFileExceptionSet section */
		437F2B872E2D204500437CEE /* Exceptions for "iosDemo" folder in "iosDemo" target */ = {
			isa = PBXFileSystemSynchronizedBuildFileExceptionSet;
			membershipExceptions = (
				Info.plist,
			);
			target = 437F2B1E2E2BB2A400437CEE /* iosDemo */;
		};
/* End PBXFileSystemSynchronizedBuildFileExceptionSet section */

/* Begin PBXFileSystemSynchronizedRootGroup section */
		437F2B212E2BB2A400437CEE /* iosDemo */ = {
			isa = PBXFileSystemSynchronizedRootGroup;
			exceptions = (
				437F2B872E2D204500437CEE /* Exceptions for "iosDemo" folder in "iosDemo" target */,
			);
			path = iosDemo;
			sourceTree = "<group>";
		};
		437F2B2F2E2BB2A600437CEE /* iosDemoTests */ = {
			isa = PBXFileSystemSynchronizedRootGroup;
			path = iosDemoTests;
			sourceTree = "<group>";
		};
		437F2B392E2BB2A600437CEE /* iosDemoUITests */ = {
			isa = PBXFileSystemSynchronizedRootGroup;
			path = iosDemoUITests;
			sourceTree = "<group>";
		};
/* End PBXFileSystemSynchronizedRootGroup section */

/* Begin PBXFrameworksBuildPhase section */
		437F2B1C2E2BB2A400437CEE /* Frameworks */ = {
			isa = PBXFrameworksBuildPhase;
			buildActionMask = 2147483647;
			files = (
				48A83B5CACB5A416DABE9944 /* Pods_iosDemo.framework in Frameworks */,
			);
			runOnlyForDeploymentPostprocessing = 0;
		};
		437F2B292E2BB2A600437CEE /* Frameworks */ = {
			isa = PBXFrameworksBuildPhase;
			buildActionMask = 2147483647;
			files = (
				045292275C1DFC93BBE439EA /* Pods_iosDemoTests.framework in Frameworks */,
			);
			runOnlyForDeploymentPostprocessing = 0;
		};
		437F2B332E2BB2A600437CEE /* Frameworks */ = {
			isa = PBXFrameworksBuildPhase;
			buildActionMask = 2147483647;
			files = (
				AB8E10B7E4BE562AD57857EA /* Pods_iosDemo_iosDemoUITests.framework in Frameworks */,
			);
			runOnlyForDeploymentPostprocessing = 0;
		};
/* End PBXFrameworksBuildPhase section */

/* Begin PBXGroup section */
		3E2F94E8E424CFD3194ABC4C /* Frameworks */ = {
			isa = PBXGroup;
			children = (
				71D60F489BD6C9CC2D87316D /* Pods_iosDemo.framework */,
				685E46F2FB7C44752F7080F1 /* Pods_iosDemo_iosDemoUITests.framework */,
				B5C1136D24D8DE9536FD7DF4 /* Pods_iosDemoTests.framework */,
			);
			name = Frameworks;
			sourceTree = "<group>";
		};
		437F2B162E2BB2A400437CEE = {
			isa = PBXGroup;
			children = (
				437F2B212E2BB2A400437CEE /* iosDemo */,
				437F2B2F2E2BB2A600437CEE /* iosDemoTests */,
				437F2B392E2BB2A600437CEE /* iosDemoUITests */,
				437F2B202E2BB2A400437CEE /* Products */,
				8DDACF50F74651054D2512C9 /* Pods */,
				3E2F94E8E424CFD3194ABC4C /* Frameworks */,
			);
			sourceTree = "<group>";
		};
		437F2B202E2BB2A400437CEE /* Products */ = {
			isa = PBXGroup;
			children = (
				437F2B1F2E2BB2A400437CEE /* iosDemo.app */,
				437F2B2C2E2BB2A600437CEE /* iosDemoTests.xctest */,
				437F2B362E2BB2A600437CEE /* iosDemoUITests.xctest */,
			);
			name = Products;
			sourceTree = "<group>";
		};
		8DDACF50F74651054D2512C9 /* Pods */ = {
			isa = PBXGroup;
			children = (
				6AD57047D24BA1798BB62B30 /* Pods-iosDemo.debug.xcconfig */,
				A7310555AD7426313BB06062 /* Pods-iosDemo.release.xcconfig */,
				358300DAFAE4B3C4A37D0B68 /* Pods-iosDemo-iosDemoUITests.debug.xcconfig */,
				40590E5E592840BEDAA9516E /* Pods-iosDemo-iosDemoUITests.release.xcconfig */,
				2E0DEFCDD386E04BF9B2BCA2 /* Pods-iosDemoTests.debug.xcconfig */,
				FD6ACB0E54764749846F538A /* Pods-iosDemoTests.release.xcconfig */,
			);
			path = Pods;
			sourceTree = "<group>";
		};
/* End PBXGroup section */

/* Begin PBXNativeTarget section */
		437F2B1E2E2BB2A400437CEE /* iosDemo */ = {
			isa = PBXNativeTarget;
			buildConfigurationList = 437F2B402E2BB2A600437CEE /* Build configuration list for PBXNativeTarget "iosDemo" */;
			buildPhases = (
				98FCF9E0A196251A70DA0ED0 /* [CP] Check Pods Manifest.lock */,
				437F2B1B2E2BB2A400437CEE /* Sources */,
				437F2B1C2E2BB2A400437CEE /* Frameworks */,
				437F2B1D2E2BB2A400437CEE /* Resources */,
				B84B7AD5886CD3F8E0451FF6 /* [CP] Embed Pods Frameworks */,
			);
			buildRules = (
			);
			dependencies = (
			);
			fileSystemSynchronizedGroups = (
				437F2B212E2BB2A400437CEE /* iosDemo */,
			);
			name = iosDemo;
			productName = iosDemo;
			productReference = 437F2B1F2E2BB2A400437CEE /* iosDemo.app */;
			productType = "com.apple.product-type.application";
		};
		437F2B2B2E2BB2A600437CEE /* iosDemoTests */ = {
			isa = PBXNativeTarget;
			buildConfigurationList = 437F2B432E2BB2A600437CEE /* Build configuration list for PBXNativeTarget "iosDemoTests" */;
			buildPhases = (
				B0AEF5AD3BA3AD02F6FE0EB2 /* [CP] Check Pods Manifest.lock */,
				437F2B282E2BB2A600437CEE /* Sources */,
				437F2B292E2BB2A600437CEE /* Frameworks */,
				437F2B2A2E2BB2A600437CEE /* Resources */,
			);
			buildRules = (
			);
			dependencies = (
				437F2B2E2E2BB2A600437CEE /* PBXTargetDependency */,
			);
			fileSystemSynchronizedGroups = (
				437F2B2F2E2BB2A600437CEE /* iosDemoTests */,
			);
			name = iosDemoTests;
			productName = iosDemoTests;
			productReference = 437F2B2C2E2BB2A600437CEE /* iosDemoTests.xctest */;
			productType = "com.apple.product-type.bundle.unit-test";
		};
		437F2B352E2BB2A600437CEE /* iosDemoUITests */ = {
			isa = PBXNativeTarget;
			buildConfigurationList = 437F2B462E2BB2A600437CEE /* Build configuration list for PBXNativeTarget "iosDemoUITests" */;
			buildPhases = (
				28B1BE1926ABA1BF143E7BDC /* [CP] Check Pods Manifest.lock */,
				437F2B322E2BB2A600437CEE /* Sources */,
				437F2B332E2BB2A600437CEE /* Frameworks */,
				437F2B342E2BB2A600437CEE /* Resources */,
				A2A4D01774C4ADE30BDAFECE /* [CP] Embed Pods Frameworks */,
			);
			buildRules = (
			);
			dependencies = (
				437F2B382E2BB2A600437CEE /* PBXTargetDependency */,
			);
			fileSystemSynchronizedGroups = (
				437F2B392E2BB2A600437CEE /* iosDemoUITests */,
			);
			name = iosDemoUITests;
			productName = iosDemoUITests;
			productReference = 437F2B362E2BB2A600437CEE /* iosDemoUITests.xctest */;
			productType = "com.apple.product-type.bundle.ui-testing";
		};
/* End PBXNativeTarget section */

/* Begin PBXProject section */
		437F2B172E2BB2A400437CEE /* Project object */ = {
			isa = PBXProject;
			attributes = {
				BuildIndependentTargetsInParallel = 1;
				LastSwiftUpdateCheck = 1640;
				LastUpgradeCheck = 1640;
				TargetAttributes = {
					437F2B1E2E2BB2A400437CEE = {
						CreatedOnToolsVersion = 16.4;
					};
					437F2B2B2E2BB2A600437CEE = {
						CreatedOnToolsVersion = 16.4;
						TestTargetID = 437F2B1E2E2BB2A400437CEE;
					};
					437F2B352E2BB2A600437CEE = {
						CreatedOnToolsVersion = 16.4;
						TestTargetID = 437F2B1E2E2BB2A400437CEE;
					};
				};
			};
			buildConfigurationList = 437F2B1A2E2BB2A400437CEE /* Build configuration list for PBXProject "iosDemo" */;
			developmentRegion = en;
			hasScannedForEncodings = 0;
			knownRegions = (
				en,
				Base,
			);
			mainGroup = 437F2B162E2BB2A400437CEE;
			minimizedProjectReferenceProxies = 1;
			preferredProjectObjectVersion = 77;
			productRefGroup = 437F2B202E2BB2A400437CEE /* Products */;
			projectDirPath = "";
			projectRoot = "";
			targets = (
				437F2B1E2E2BB2A400437CEE /* iosDemo */,
				437F2B2B2E2BB2A600437CEE /* iosDemoTests */,
				437F2B352E2BB2A600437CEE /* iosDemoUITests */,
			);
		};
/* End PBXProject section */

/* Begin PBXResourcesBuildPhase section */
		437F2B1D2E2BB2A400437CEE /* Resources */ = {
			isa = PBXResourcesBuildPhase;
			buildActionMask = 2147483647;
			files = (
			);
			runOnlyForDeploymentPostprocessing = 0;
		};
		437F2B2A2E2BB2A600437CEE /* Resources */ = {
			isa = PBXResourcesBuildPhase;
			buildActionMask = 2147483647;
			files = (
			);
			runOnlyForDeploymentPostprocessing = 0;
		};
		437F2B342E2BB2A600437CEE /* Resources */ = {
			isa = PBXResourcesBuildPhase;
			buildActionMask = 2147483647;
			files = (
			);
			runOnlyForDeploymentPostprocessing = 0;
		};
/* End PBXResourcesBuildPhase section */

/* Begin PBXShellScriptBuildPhase section */
		28B1BE1926ABA1BF143E7BDC /* [CP] Check Pods Manifest.lock */ = {
			isa = PBXShellScriptBuildPhase;
			buildActionMask = 2147483647;
			files = (
			);
			inputFileListPaths = (
			);
			inputPaths = (
				"${PODS_PODFILE_DIR_PATH}/Podfile.lock",
				"${PODS_ROOT}/Manifest.lock",
			);
			name = "[CP] Check Pods Manifest.lock";
			outputFileListPaths = (
			);
			outputPaths = (
				"$(DERIVED_FILE_DIR)/Pods-iosDemo-iosDemoUITests-checkManifestLockResult.txt",
			);
			runOnlyForDeploymentPostprocessing = 0;
			shellPath = /bin/sh;
			shellScript = "diff \"${PODS_PODFILE_DIR_PATH}/Podfile.lock\" \"${PODS_ROOT}/Manifest.lock\" > /dev/null\nif [ $? != 0 ] ; then\n    # print error to STDERR\n    echo \"error: The sandbox is not in sync with the Podfile.lock. Run 'pod install' or update your CocoaPods installation.\" >&2\n    exit 1\nfi\n# This output is used by Xcode 'outputs' to avoid re-running this script phase.\necho \"SUCCESS\" > \"${SCRIPT_OUTPUT_FILE_0}\"\n";
			showEnvVarsInLog = 0;
		};
		98FCF9E0A196251A70DA0ED0 /* [CP] Check Pods Manifest.lock */ = {
			isa = PBXShellScriptBuildPhase;
			buildActionMask = 2147483647;
			files = (
			);
			inputFileListPaths = (
			);
			inputPaths = (
				"${PODS_PODFILE_DIR_PATH}/Podfile.lock",
				"${PODS_ROOT}/Manifest.lock",
			);
			name = "[CP] Check Pods Manifest.lock";
			outputFileListPaths = (
			);
			outputPaths = (
				"$(DERIVED_FILE_DIR)/Pods-iosDemo-checkManifestLockResult.txt",
			);
			runOnlyForDeploymentPostprocessing = 0;
			shellPath = /bin/sh;
			shellScript = "diff \"${PODS_PODFILE_DIR_PATH}/Podfile.lock\" \"${PODS_ROOT}/Manifest.lock\" > /dev/null\nif [ $? != 0 ] ; then\n    # print error to STDERR\n    echo \"error: The sandbox is not in sync with the Podfile.lock. Run 'pod install' or update your CocoaPods installation.\" >&2\n    exit 1\nfi\n# This output is used by Xcode 'outputs' to avoid re-running this script phase.\necho \"SUCCESS\" > \"${SCRIPT_OUTPUT_FILE_0}\"\n";
			showEnvVarsInLog = 0;
		};
		A2A4D01774C4ADE30BDAFECE /* [CP] Embed Pods Frameworks */ = {
			isa = PBXShellScriptBuildPhase;
			buildActionMask = 2147483647;
			files = (
			);
			inputFileListPaths = (
				"${PODS_ROOT}/Target Support Files/Pods-iosDemo-iosDemoUITests/Pods-iosDemo-iosDemoUITests-frameworks-${CONFIGURATION}-input-files.xcfilelist",
			);
			name = "[CP] Embed Pods Frameworks";
			outputFileListPaths = (
				"${PODS_ROOT}/Target Support Files/Pods-iosDemo-iosDemoUITests/Pods-iosDemo-iosDemoUITests-frameworks-${CONFIGURATION}-output-files.xcfilelist",
			);
			runOnlyForDeploymentPostprocessing = 0;
			shellPath = /bin/sh;
			shellScript = "\"${PODS_ROOT}/Target Support Files/Pods-iosDemo-iosDemoUITests/Pods-iosDemo-iosDemoUITests-frameworks.sh\"\n";
			showEnvVarsInLog = 0;
		};
		B0AEF5AD3BA3AD02F6FE0EB2 /* [CP] Check Pods Manifest.lock */ = {
			isa = PBXShellScriptBuildPhase;
			buildActionMask = 2147483647;
			files = (
			);
			inputFileListPaths = (
			);
			inputPaths = (
				"${PODS_PODFILE_DIR_PATH}/Podfile.lock",
				"${PODS_ROOT}/Manifest.lock",
			);
			name = "[CP] Check Pods Manifest.lock";
			outputFileListPaths = (
			);
			outputPaths = (
				"$(DERIVED_FILE_DIR)/Pods-iosDemoTests-checkManifestLockResult.txt",
			);
			runOnlyForDeploymentPostprocessing = 0;
			shellPath = /bin/sh;
			shellScript = "diff \"${PODS_PODFILE_DIR_PATH}/Podfile.lock\" \"${PODS_ROOT}/Manifest.lock\" > /dev/null\nif [ $? != 0 ] ; then\n    # print error to STDERR\n    echo \"error: The sandbox is not in sync with the Podfile.lock. Run 'pod install' or update your CocoaPods installation.\" >&2\n    exit 1\nfi\n# This output is used by Xcode 'outputs' to avoid re-running this script phase.\necho \"SUCCESS\" > \"${SCRIPT_OUTPUT_FILE_0}\"\n";
			showEnvVarsInLog = 0;
		};
		B84B7AD5886CD3F8E0451FF6 /* [CP] Embed Pods Frameworks */ = {
			isa = PBXShellScriptBuildPhase;
			buildActionMask = 2147483647;
			files = (
			);
			inputFileListPaths = (
				"${PODS_ROOT}/Target Support Files/Pods-iosDemo/Pods-iosDemo-frameworks-${CONFIGURATION}-input-files.xcfilelist",
			);
			name = "[CP] Embed Pods Frameworks";
			outputFileListPaths = (
				"${PODS_ROOT}/Target Support Files/Pods-iosDemo/Pods-iosDemo-frameworks-${CONFIGURATION}-output-files.xcfilelist",
			);
			runOnlyForDeploymentPostprocessing = 0;
			shellPath = /bin/sh;
			shellScript = "\"${PODS_ROOT}/Target Support Files/Pods-iosDemo/Pods-iosDemo-frameworks.sh\"\n";
			showEnvVarsInLog = 0;
		};
/* End PBXShellScriptBuildPhase section */

/* Begin PBXSourcesBuildPhase section */
		437F2B1B2E2BB2A400437CEE /* Sources */ = {
			isa = PBXSourcesBuildPhase;
			buildActionMask = 2147483647;
			files = (
			);
			runOnlyForDeploymentPostprocessing = 0;
		};
		437F2B282E2BB2A600437CEE /* Sources */ = {
			isa = PBXSourcesBuildPhase;
			buildActionMask = 2147483647;
			files = (
			);
			runOnlyForDeploymentPostprocessing = 0;
		};
		437F2B322E2BB2A600437CEE /* Sources */ = {
			isa = PBXSourcesBuildPhase;
			buildActionMask = 2147483647;
			files = (
			);
			runOnlyForDeploymentPostprocessing = 0;
		};
/* End PBXSourcesBuildPhase section */

/* Begin PBXTargetDependency section */
		437F2B2E2E2BB2A600437CEE /* PBXTargetDependency */ = {
			isa = PBXTargetDependency;
			target = 437F2B1E2E2BB2A400437CEE /* iosDemo */;
			targetProxy = 437F2B2D2E2BB2A600437CEE /* PBXContainerItemProxy */;
		};
		437F2B382E2BB2A600437CEE /* PBXTargetDependency */ = {
			isa = PBXTargetDependency;
			target = 437F2B1E2E2BB2A400437CEE /* iosDemo */;
			targetProxy = 437F2B372E2BB2A600437CEE /* PBXContainerItemProxy */;
		};
/* End PBXTargetDependency section */

/* Begin XCBuildConfiguration section */
		437F2B3E2E2BB2A600437CEE /* Debug */ = {
			isa = XCBuildConfiguration;
			buildSettings = {
				ALWAYS_SEARCH_USER_PATHS = NO;
				ASSETCATALOG_COMPILER_GENERATE_SWIFT_ASSET_SYMBOL_EXTENSIONS = YES;
				CLANG_ANALYZER_NONNULL = YES;
				CLANG_ANALYZER_NUMBER_OBJECT_CONVERSION = YES_AGGRESSIVE;
				CLANG_CXX_LANGUAGE_STANDARD = "gnu++20";
				CLANG_ENABLE_MODULES = YES;
				CLANG_ENABLE_OBJC_ARC = YES;
				CLANG_ENABLE_OBJC_WEAK = YES;
				CLANG_WARN_BLOCK_CAPTURE_AUTORELEASING = YES;
				CLANG_WARN_BOOL_CONVERSION = YES;
				CLANG_WARN_COMMA = YES;
				CLANG_WARN_CONSTANT_CONVERSION = YES;
				CLANG_WARN_DEPRECATED_OBJC_IMPLEMENTATIONS = YES;
				CLANG_WARN_DIRECT_OBJC_ISA_USAGE = YES_ERROR;
				CLANG_WARN_DOCUMENTATION_COMMENTS = YES;
				CLANG_WARN_EMPTY_BODY = YES;
				CLANG_WARN_ENUM_CONVERSION = YES;
				CLANG_WARN_INFINITE_RECURSION = YES;
				CLANG_WARN_INT_CONVERSION = YES;
				CLANG_WARN_NON_LITERAL_NULL_CONVERSION = YES;
				CLANG_WARN_OBJC_IMPLICIT_RETAIN_SELF = YES;
				CLANG_WARN_OBJC_LITERAL_CONVERSION = YES;
				CLANG_WARN_OBJC_ROOT_CLASS = YES_ERROR;
				CLANG_WARN_QUOTED_INCLUDE_IN_FRAMEWORK_HEADER = YES;
				CLANG_WARN_RANGE_LOOP_ANALYSIS = YES;
				CLANG_WARN_STRICT_PROTOTYPES = YES;
				CLANG_WARN_SUSPICIOUS_MOVE = YES;
				CLANG_WARN_UNGUARDED_AVAILABILITY = YES_AGGRESSIVE;
				CLANG_WARN_UNREACHABLE_CODE = YES;
				CLANG_WARN__DUPLICATE_METHOD_MATCH = YES;
				COPY_PHASE_STRIP = NO;
				DEBUG_INFORMATION_FORMAT = dwarf;
				DEVELOPMENT_TEAM = 2R3QV3G6D5;
				ENABLE_STRICT_OBJC_MSGSEND = YES;
				ENABLE_TESTABILITY = YES;
				ENABLE_USER_SCRIPT_SANDBOXING = YES;
				GCC_C_LANGUAGE_STANDARD = gnu17;
				GCC_DYNAMIC_NO_PIC = NO;
				GCC_NO_COMMON_BLOCKS = YES;
				GCC_OPTIMIZATION_LEVEL = 0;
				GCC_PREPROCESSOR_DEFINITIONS = (
					"DEBUG=1",
					"$(inherited)",
				);
				GCC_WARN_64_TO_32_BIT_CONVERSION = YES;
				GCC_WARN_ABOUT_RETURN_TYPE = YES_ERROR;
				GCC_WARN_UNDECLARED_SELECTOR = YES;
				GCC_WARN_UNINITIALIZED_AUTOS = YES_AGGRESSIVE;
				GCC_WARN_UNUSED_FUNCTION = YES;
				GCC_WARN_UNUSED_VARIABLE = YES;
				IPHONEOS_DEPLOYMENT_TARGET = 15.6;
				LOCALIZATION_PREFERS_STRING_CATALOGS = YES;
				MTL_ENABLE_DEBUG_INFO = INCLUDE_SOURCE;
				MTL_FAST_MATH = YES;
				ONLY_ACTIVE_ARCH = YES;
				SDKROOT = iphoneos;
				SWIFT_ACTIVE_COMPILATION_CONDITIONS = "DEBUG $(inherited)";
				SWIFT_OPTIMIZATION_LEVEL = "-Onone";
			};
			name = Debug;
		};
		437F2B3F2E2BB2A600437CEE /* Release */ = {
			isa = XCBuildConfiguration;
			buildSettings = {
				ALWAYS_SEARCH_USER_PATHS = NO;
				ASSETCATALOG_COMPILER_GENERATE_SWIFT_ASSET_SYMBOL_EXTENSIONS = YES;
				CLANG_ANALYZER_NONNULL = YES;
				CLANG_ANALYZER_NUMBER_OBJECT_CONVERSION = YES_AGGRESSIVE;
				CLANG_CXX_LANGUAGE_STANDARD = "gnu++20";
				CLANG_ENABLE_MODULES = YES;
				CLANG_ENABLE_OBJC_ARC = YES;
				CLANG_ENABLE_OBJC_WEAK = YES;
				CLANG_WARN_BLOCK_CAPTURE_AUTORELEASING = YES;
				CLANG_WARN_BOOL_CONVERSION = YES;
				CLANG_WARN_COMMA = YES;
				CLANG_WARN_CONSTANT_CONVERSION = YES;
				CLANG_WARN_DEPRECATED_OBJC_IMPLEMENTATIONS = YES;
				CLANG_WARN_DIRECT_OBJC_ISA_USAGE = YES_ERROR;
				CLANG_WARN_DOCUMENTATION_COMMENTS = YES;
				CLANG_WARN_EMPTY_BODY = YES;
				CLANG_WARN_ENUM_CONVERSION = YES;
				CLANG_WARN_INFINITE_RECURSION = YES;
				CLANG_WARN_INT_CONVERSION = YES;
				CLANG_WARN_NON_LITERAL_NULL_CONVERSION = YES;
				CLANG_WARN_OBJC_IMPLICIT_RETAIN_SELF = YES;
				CLANG_WARN_OBJC_LITERAL_CONVERSION = YES;
				CLANG_WARN_OBJC_ROOT_CLASS = YES_ERROR;
				CLANG_WARN_QUOTED_INCLUDE_IN_FRAMEWORK_HEADER = YES;
				CLANG_WARN_RANGE_LOOP_ANALYSIS = YES;
				CLANG_WARN_STRICT_PROTOTYPES = YES;
				CLANG_WARN_SUSPICIOUS_MOVE = YES;
				CLANG_WARN_UNGUARDED_AVAILABILITY = YES_AGGRESSIVE;
				CLANG_WARN_UNREACHABLE_CODE = YES;
				CLANG_WARN__DUPLICATE_METHOD_MATCH = YES;
				COPY_PHASE_STRIP = NO;
				DEBUG_INFORMATION_FORMAT = "dwarf-with-dsym";
				DEVELOPMENT_TEAM = 2R3QV3G6D5;
				ENABLE_NS_ASSERTIONS = NO;
				ENABLE_STRICT_OBJC_MSGSEND = YES;
				ENABLE_USER_SCRIPT_SANDBOXING = YES;
				GCC_C_LANGUAGE_STANDARD = gnu17;
				GCC_NO_COMMON_BLOCKS = YES;
				GCC_WARN_64_TO_32_BIT_CONVERSION = YES;
				GCC_WARN_ABOUT_RETURN_TYPE = YES_ERROR;
				GCC_WARN_UNDECLARED_SELECTOR = YES;
				GCC_WARN_UNINITIALIZED_AUTOS = YES_AGGRESSIVE;
				GCC_WARN_UNUSED_FUNCTION = YES;
				GCC_WARN_UNUSED_VARIABLE = YES;
				IPHONEOS_DEPLOYMENT_TARGET = 15.6;
				LOCALIZATION_PREFERS_STRING_CATALOGS = YES;
				MTL_ENABLE_DEBUG_INFO = NO;
				MTL_FAST_MATH = YES;
				SDKROOT = iphoneos;
				SWIFT_COMPILATION_MODE = wholemodule;
				VALIDATE_PRODUCT = YES;
			};
			name = Release;
		};
		437F2B412E2BB2A600437CEE /* Debug */ = {
			isa = XCBuildConfiguration;
			baseConfigurationReference = 6AD57047D24BA1798BB62B30 /* Pods-iosDemo.debug.xcconfig */;
			buildSettings = {
				ASSETCATALOG_COMPILER_APPICON_NAME = AppIcon;
				ASSETCATALOG_COMPILER_GLOBAL_ACCENT_COLOR_NAME = AccentColor;
				CODE_SIGN_STYLE = Automatic;
				CURRENT_PROJECT_VERSION = 1;
				DEVELOPMENT_TEAM = 2R3QV3G6D5;
				ENABLE_PREVIEWS = YES;
				ENABLE_USER_SCRIPT_SANDBOXING = NO;
				GENERATE_INFOPLIST_FILE = YES;
				INFOPLIST_FILE = iosDemo/Info.plist;
				INFOPLIST_KEY_UIApplicationSceneManifest_Generation = YES;
				INFOPLIST_KEY_UIApplicationSupportsIndirectInputEvents = YES;
				INFOPLIST_KEY_UILaunchScreen_Generation = YES;
				INFOPLIST_KEY_UISupportedInterfaceOrientations_iPad = "UIInterfaceOrientationPortrait UIInterfaceOrientationPortraitUpsideDown UIInterfaceOrientationLandscapeLeft UIInterfaceOrientationLandscapeRight";
				INFOPLIST_KEY_UISupportedInterfaceOrientations_iPhone = "UIInterfaceOrientationPortrait UIInterfaceOrientationLandscapeLeft UIInterfaceOrientationLandscapeRight";
				IPHONEOS_DEPLOYMENT_TARGET = 15.0;
				LD_RUNPATH_SEARCH_PATHS = (
					"$(inherited)",
					"@executable_path/Frameworks",
				);
				MARKETING_VERSION = 1.0;
				PRODUCT_BUNDLE_IDENTIFIER = com.jack.personal.iosDemo;
				PRODUCT_NAME = "$(TARGET_NAME)";
				SWIFT_EMIT_LOC_STRINGS = YES;
				SWIFT_VERSION = 5.0;
				TARGETED_DEVICE_FAMILY = "1,2";
			};
			name = Debug;
		};
		437F2B422E2BB2A600437CEE /* Release */ = {
			isa = XCBuildConfiguration;
			baseConfigurationReference = A7310555AD7426313BB06062 /* Pods-iosDemo.release.xcconfig */;
			buildSettings = {
				ASSETCATALOG_COMPILER_APPICON_NAME = AppIcon;
				ASSETCATALOG_COMPILER_GLOBAL_ACCENT_COLOR_NAME = AccentColor;
				CODE_SIGN_STYLE = Automatic;
				CURRENT_PROJECT_VERSION = 1;
				DEVELOPMENT_TEAM = 2R3QV3G6D5;
				ENABLE_PREVIEWS = YES;
				ENABLE_USER_SCRIPT_SANDBOXING = NO;
				GENERATE_INFOPLIST_FILE = YES;
				INFOPLIST_FILE = iosDemo/Info.plist;
				INFOPLIST_KEY_UIApplicationSceneManifest_Generation = YES;
				INFOPLIST_KEY_UIApplicationSupportsIndirectInputEvents = YES;
				INFOPLIST_KEY_UILaunchScreen_Generation = YES;
				INFOPLIST_KEY_UISupportedInterfaceOrientations_iPad = "UIInterfaceOrientationPortrait UIInterfaceOrientationPortraitUpsideDown UIInterfaceOrientationLandscapeLeft UIInterfaceOrientationLandscapeRight";
				INFOPLIST_KEY_UISupportedInterfaceOrientations_iPhone = "UIInterfaceOrientationPortrait UIInterfaceOrientationLandscapeLeft UIInterfaceOrientationLandscapeRight";
				IPHONEOS_DEPLOYMENT_TARGET = 15.0;
				LD_RUNPATH_SEARCH_PATHS = (
					"$(inherited)",
					"@executable_path/Frameworks",
				);
				MARKETING_VERSION = 1.0;
				PRODUCT_BUNDLE_IDENTIFIER = com.jack.personal.iosDemo;
				PRODUCT_NAME = "$(TARGET_NAME)";
				SWIFT_EMIT_LOC_STRINGS = YES;
				SWIFT_VERSION = 5.0;
				TARGETED_DEVICE_FAMILY = "1,2";
			};
			name = Release;
		};
		437F2B442E2BB2A600437CEE /* Debug */ = {
			isa = XCBuildConfiguration;
			baseConfigurationReference = 2E0DEFCDD386E04BF9B2BCA2 /* Pods-iosDemoTests.debug.xcconfig */;
			buildSettings = {
				BUNDLE_LOADER = "$(TEST_HOST)";
				CODE_SIGN_STYLE = Automatic;
				CURRENT_PROJECT_VERSION = 1;
				DEVELOPMENT_TEAM = 2R3QV3G6D5;
				GENERATE_INFOPLIST_FILE = YES;
				IPHONEOS_DEPLOYMENT_TARGET = 18.5;
				MARKETING_VERSION = 1.0;
				PRODUCT_BUNDLE_IDENTIFIER = com.jack.personal.iosDemoTests;
				PRODUCT_NAME = "$(TARGET_NAME)";
				SWIFT_EMIT_LOC_STRINGS = NO;
				SWIFT_VERSION = 5.0;
				TARGETED_DEVICE_FAMILY = "1,2";
				TEST_HOST = "$(BUILT_PRODUCTS_DIR)/iosDemo.app/$(BUNDLE_EXECUTABLE_FOLDER_PATH)/iosDemo";
			};
			name = Debug;
		};
		437F2B452E2BB2A600437CEE /* Release */ = {
			isa = XCBuildConfiguration;
			baseConfigurationReference = FD6ACB0E54764749846F538A /* Pods-iosDemoTests.release.xcconfig */;
			buildSettings = {
				BUNDLE_LOADER = "$(TEST_HOST)";
				CODE_SIGN_STYLE = Automatic;
				CURRENT_PROJECT_VERSION = 1;
				DEVELOPMENT_TEAM = 2R3QV3G6D5;
				GENERATE_INFOPLIST_FILE = YES;
				IPHONEOS_DEPLOYMENT_TARGET = 18.5;
				MARKETING_VERSION = 1.0;
				PRODUCT_BUNDLE_IDENTIFIER = com.jack.personal.iosDemoTests;
				PRODUCT_NAME = "$(TARGET_NAME)";
				SWIFT_EMIT_LOC_STRINGS = NO;
				SWIFT_VERSION = 5.0;
				TARGETED_DEVICE_FAMILY = "1,2";
				TEST_HOST = "$(BUILT_PRODUCTS_DIR)/iosDemo.app/$(BUNDLE_EXECUTABLE_FOLDER_PATH)/iosDemo";
			};
			name = Release;
		};
		437F2B472E2BB2A600437CEE /* Debug */ = {
			isa = XCBuildConfiguration;
			baseConfigurationReference = 358300DAFAE4B3C4A37D0B68 /* Pods-iosDemo-iosDemoUITests.debug.xcconfig */;
			buildSettings = {
				CODE_SIGN_STYLE = Automatic;
				CURRENT_PROJECT_VERSION = 1;
				DEVELOPMENT_TEAM = 2R3QV3G6D5;
				GENERATE_INFOPLIST_FILE = YES;
				MARKETING_VERSION = 1.0;
				PRODUCT_BUNDLE_IDENTIFIER = com.jack.personal.iosDemoUITests;
				PRODUCT_NAME = "$(TARGET_NAME)";
				SWIFT_EMIT_LOC_STRINGS = NO;
				SWIFT_VERSION = 5.0;
				TARGETED_DEVICE_FAMILY = "1,2";
				TEST_TARGET_NAME = iosDemo;
			};
			name = Debug;
		};
		437F2B482E2BB2A600437CEE /* Release */ = {
			isa = XCBuildConfiguration;
			baseConfigurationReference = 40590E5E592840BEDAA9516E /* Pods-iosDemo-iosDemoUITests.release.xcconfig */;
			buildSettings = {
				CODE_SIGN_STYLE = Automatic;
				CURRENT_PROJECT_VERSION = 1;
				DEVELOPMENT_TEAM = 2R3QV3G6D5;
				GENERATE_INFOPLIST_FILE = YES;
				MARKETING_VERSION = 1.0;
				PRODUCT_BUNDLE_IDENTIFIER = com.jack.personal.iosDemoUITests;
				PRODUCT_NAME = "$(TARGET_NAME)";
				SWIFT_EMIT_LOC_STRINGS = NO;
				SWIFT_VERSION = 5.0;
				TARGETED_DEVICE_FAMILY = "1,2";
				TEST_TARGET_NAME = iosDemo;
			};
			name = Release;
		};
/* End XCBuildConfiguration section */

/* Begin XCConfigurationList section */
		437F2B1A2E2BB2A400437CEE /* Build configuration list for PBXProject "iosDemo" */ = {
			isa = XCConfigurationList;
			buildConfigurations = (
				437F2B3E2E2BB2A600437CEE /* Debug */,
				437F2B3F2E2BB2A600437CEE /* Release */,
			);
			defaultConfigurationIsVisible = 0;
			defaultConfigurationName = Release;
		};
		437F2B402E2BB2A600437CEE /* Build configuration list for PBXNativeTarget "iosDemo" */ = {
			isa = XCConfigurationList;
			buildConfigurations = (
				437F2B412E2BB2A600437CEE /* Debug */,
				437F2B422E2BB2A600437CEE /* Release */,
			);
			defaultConfigurationIsVisible = 0;
			defaultConfigurationName = Release;
		};
		437F2B432E2BB2A600437CEE /* Build configuration list for PBXNativeTarget "iosDemoTests" */ = {
			isa = XCConfigurationList;
			buildConfigurations = (
				437F2B442E2BB2A600437CEE /* Debug */,
				437F2B452E2BB2A600437CEE /* Release */,
			);
			defaultConfigurationIsVisible = 0;
			defaultConfigurationName = Release;
		};
		437F2B462E2BB2A600437CEE /* Build configuration list for PBXNativeTarget "iosDemoUITests" */ = {
			isa = XCConfigurationList;
			buildConfigurations = (
				437F2B472E2BB2A600437CEE /* Debug */,
				437F2B482E2BB2A600437CEE /* Release */,
			);
			defaultConfigurationIsVisible = 0;
			defaultConfigurationName = Release;
		};
/* End XCConfigurationList section */
	};
	rootObject = 437F2B172E2BB2A400437CEE /* Project object */;
}
